
Microsoft Visual Studio Solution File, Format Version 12.00
# Visual Studio Version 16
VisualStudioVersion = 16.0.29519.181
MinimumVisualStudioVersion = 10.0.40219.1
Project("{FAE04EC0-301F-11D3-BF4B-00C04F79EFBC}") = "Database", "Database\Database.csproj", "{D5622187-36D8-4E1D-8B32-DA1186389B64}"
EndProject
Project("{FAE04EC0-301F-11D3-BF4B-00C04F79EFBC}") = "EFCoreTestFailure", "EFCoreTestFailure\EFCoreTestFailure.csproj", "{2BB0C9E3-6793-4B5B-B6BF-56FDB561C55E}"
EndProject
Global
	GlobalSection(SolutionConfigurationPlatforms) = preSolution
		Debug|Any CPU = Debug|Any CPU
		Release|Any CPU = Release|Any CPU
	EndGlobalSection
	GlobalSection(ProjectConfigurationPlatforms) = postSolution
		{D5622187-36D8-4E1D-8B32-DA1186389B64}.Debug|Any CPU.ActiveCfg = Debug|Any CPU
		{D5622187-36D8-4E1D-8B32-DA1186389B64}.Debug|Any CPU.Build.0 = Debug|Any CPU
		{D5622187-36D8-4E1D-8B32-DA1186389B64}.Release|Any CPU.ActiveCfg = Release|Any CPU
		{D5622187-36D8-4E1D-8B32-DA1186389B64}.Release|Any CPU.Build.0 = Release|Any CPU
		{2BB0C9E3-6793-4B5B-B6BF-56FDB561C55E}.Debug|Any CPU.ActiveCfg = Debug|Any CPU
		{2BB0C9E3-6793-4B5B-B6BF-56FDB561C55E}.Debug|Any CPU.Build.0 = Debug|Any CPU
		{2BB0C9E3-6793-4B5B-B6BF-56FDB561C55E}.Release|Any CPU.ActiveCfg = Release|Any CPU
		{2BB0C9E3-6793-4B5B-B6BF-56FDB561C55E}.Release|Any CPU.Build.0 = Release|Any CPU
	EndGlobalSection
	GlobalSection(SolutionProperties) = preSolution
		HideSolutionNode = FALSE
	EndGlobalSection
	GlobalSection(ExtensibilityGlobals) = postSolution
		SolutionGuid = {60411E5A-947E-4B38-9728-8FF977BB338F}
	EndGlobalSection
EndGlobal
